
Microsoft Visual Studio Solution File, Format Version 12.00
# Visual Studio Version 17
VisualStudioVersion = 17.14.36603.0
MinimumVisualStudioVersion = 10.0.40219.1
Project("{8BC9CEB8-8B4A-11D0-8D11-00A0C91BC942}") = "Client", "Client\Client.vcxproj", "{C0CB10C7-C842-4398-A376-F7044999E27A}"
EndProject
Project("{8BC9CEB8-8B4A-11D0-8D11-00A0C91BC942}") = "Server", "Server\Server.vcxproj", "{3284039A-3EB9-44B4-A869-5686176A1B0A}"
EndProject
Project("{8BC9CEB8-8B4A-11D0-8D11-00A0C91BC942}") = "FormatLastError", "FormatLastError\FormatLastError.vcxproj", "{0791519F-3E27-4579-9BCF-984F89A2D389}"
EndProject
Project("{8BC9CEB8-8B4A-11D0-8D11-00A0C91BC942}") = "Threads", "Threads\Threads.vcxproj", "{4E1728B0-9949-4887-B162-E2BDC5765D8D}"
EndProject
Project("{8BC9CEB8-8B4A-11D0-8D11-00A0C91BC942}") = "HelloMPI", "HelloMPI\HelloMPI.vcxproj", "{C180C82E-0CD9-4F6C-85A3-0D6A28D31456}"
EndProject
Project("{8BC9CEB8-8B4A-11D0-8D11-00A0C91BC942}") = "OpenMPI", "OpenMPI\OpenMPI.vcxproj", "{34E7498C-A099-4A29-803C-714AF9833EFE}"
EndProject
Global
	GlobalSection(SolutionConfigurationPlatforms) = preSolution
		Debug|x64 = Debug|x64
		Debug|x86 = Debug|x86
		Release|x64 = Release|x64
		Release|x86 = Release|x86
	EndGlobalSection
	GlobalSection(ProjectConfigurationPlatforms) = postSolution
		{C0CB10C7-C842-4398-A376-F7044999E27A}.Debug|x64.ActiveCfg = Debug|x64
		{C0CB10C7-C842-4398-A376-F7044999E27A}.Debug|x64.Build.0 = Debug|x64
		{C0CB10C7-C842-4398-A376-F7044999E27A}.Debug|x86.ActiveCfg = Debug|Win32
		{C0CB10C7-C842-4398-A376-F7044999E27A}.Debug|x86.Build.0 = Debug|Win32
		{C0CB10C7-C842-4398-A376-F7044999E27A}.Release|x64.ActiveCfg = Release|x64
		{C0CB10C7-C842-4398-A376-F7044999E27A}.Release|x64.Build.0 = Release|x64
		{C0CB10C7-C842-4398-A376-F7044999E27A}.Release|x86.ActiveCfg = Release|Win32
		{C0CB10C7-C842-4398-A376-F7044999E27A}.Release|x86.Build.0 = Release|Win32
		{3284039A-3EB9-44B4-A869-5686176A1B0A}.Debug|x64.ActiveCfg = Debug|x64
		{3284039A-3EB9-44B4-A869-5686176A1B0A}.Debug|x64.Build.0 = Debug|x64
		{3284039A-3EB9-44B4-A869-5686176A1B0A}.Debug|x86.ActiveCfg = Debug|Win32
		{3284039A-3EB9-44B4-A869-5686176A1B0A}.Debug|x86.Build.0 = Debug|Win32
		{3284039A-3EB9-44B4-A869-5686176A1B0A}.Release|x64.ActiveCfg = Release|x64
		{3284039A-3EB9-44B4-A869-5686176A1B0A}.Release|x64.Build.0 = Release|x64
		{3284039A-3EB9-44B4-A869-5686176A1B0A}.Release|x86.ActiveCfg = Release|Win32
		{3284039A-3EB9-44B4-A869-5686176A1B0A}.Release|x86.Build.0 = Release|Win32
		{0791519F-3E27-4579-9BCF-984F89A2D389}.Debug|x64.ActiveCfg = Debug|x64
		{0791519F-3E27-4579-9BCF-984F89A2D389}.Debug|x64.Build.0 = Debug|x64
		{0791519F-3E27-4579-9BCF-984F89A2D389}.Debug|x86.ActiveCfg = Debug|Win32
		{0791519F-3E27-4579-9BCF-984F89A2D389}.Debug|x86.Build.0 = Debug|Win32
		{0791519F-3E27-4579-9BCF-984F89A2D389}.Release|x64.ActiveCfg = Release|x64
		{0791519F-3E27-4579-9BCF-984F89A2D389}.Release|x64.Build.0 = Release|x64
		{0791519F-3E27-4579-9BCF-984F89A2D389}.Release|x86.ActiveCfg = Release|Win32
		{0791519F-3E27-4579-9BCF-984F89A2D389}.Release|x86.Build.0 = Release|Win32
		{4E1728B0-9949-4887-B162-E2BDC5765D8D}.Debug|x64.ActiveCfg = Debug|x64
		{4E1728B0-9949-4887-B162-E2BDC5765D8D}.Debug|x64.Build.0 = Debug|x64
		{4E1728B0-9949-4887-B162-E2BDC5765D8D}.Debug|x86.ActiveCfg = Debug|Win32
		{4E1728B0-9949-4887-B162-E2BDC5765D8D}.Debug|x86.Build.0 = Debug|Win32
		{4E1728B0-9949-4887-B162-E2BDC5765D8D}.Release|x64.ActiveCfg = Release|x64
		{4E1728B0-9949-4887-B162-E2BDC5765D8D}.Release|x64.Build.0 = Release|x64
		{4E1728B0-9949-4887-B162-E2BDC5765D8D}.Release|x86.ActiveCfg = Release|Win32
		{4E1728B0-9949-4887-B162-E2BDC5765D8D}.Release|x86.Build.0 = Release|Win32
		{C180C82E-0CD9-4F6C-85A3-0D6A28D31456}.Debug|x64.ActiveCfg = Debug|x64
		{C180C82E-0CD9-4F6C-85A3-0D6A28D31456}.Debug|x64.Build.0 = Debug|x64
		{C180C82E-0CD9-4F6C-85A3-0D6A28D31456}.Debug|x86.ActiveCfg = Debug|Win32
		{C180C82E-0CD9-4F6C-85A3-0D6A28D31456}.Debug|x86.Build.0 = Debug|Win32
		{C180C82E-0CD9-4F6C-85A3-0D6A28D31456}.Release|x64.ActiveCfg = Release|x64
		{C180C82E-0CD9-4F6C-85A3-0D6A28D31456}.Release|x64.Build.0 = Release|x64
		{C180C82E-0CD9-4F6C-85A3-0D6A28D31456}.Release|x86.ActiveCfg = Release|Win32
		{C180C82E-0CD9-4F6C-85A3-0D6A28D31456}.Release|x86.Build.0 = Release|Win32
		{34E7498C-A099-4A29-803C-714AF9833EFE}.Debug|x64.ActiveCfg = Debug|x64
		{34E7498C-A099-4A29-803C-714AF9833EFE}.Debug|x64.Build.0 = Debug|x64
		{34E7498C-A099-4A29-803C-714AF9833EFE}.Debug|x86.ActiveCfg = Debug|Win32
		{34E7498C-A099-4A29-803C-714AF9833EFE}.Debug|x86.Build.0 = Debug|Win32
		{34E7498C-A099-4A29-803C-714AF9833EFE}.Release|x64.ActiveCfg = Release|x64
		{34E7498C-A099-4A29-803C-714AF9833EFE}.Release|x64.Build.0 = Release|x64
		{34E7498C-A099-4A29-803C-714AF9833EFE}.Release|x86.ActiveCfg = Release|Win32
		{34E7498C-A099-4A29-803C-714AF9833EFE}.Release|x86.Build.0 = Release|Win32
	EndGlobalSection
	GlobalSection(SolutionProperties) = preSolution
		HideSolutionNode = FALSE
	EndGlobalSection
	GlobalSection(ExtensibilityGlobals) = postSolution
		SolutionGuid = {51FBB4E3-AA33-48C2-AF9E-A38C537972E8}
	EndGlobalSection
EndGlobal
